
Microsoft Visual Studio Solution File, Format Version 12.00
# Visual Studio Version 16
VisualStudioVersion = 16.0.29306.81
MinimumVisualStudioVersion = 10.0.40219.1
Project("{FAE04EC0-301F-11D3-BF4B-00C04F79EFBC}") = "DllPractice", "DllPractice.csproj", "{961321D6-F45D-4ADB-BB85-A9F1349FB3A5}"
EndProject
Project("{FAE04EC0-301F-11D3-BF4B-00C04F79EFBC}") = "Honor", "..\Honor\Honor.csproj", "{3ED6C7CE-851F-40A9-8038-B4286FE21015}"
EndProject
Global
	GlobalSection(SolutionConfigurationPlatforms) = preSolution
		Debug|Any CPU = Debug|Any CPU
		Release|Any CPU = Release|Any CPU
	EndGlobalSection
	GlobalSection(ProjectConfigurationPlatforms) = postSolution
		{961321D6-F45D-4ADB-BB85-A9F1349FB3A5}.Debug|Any CPU.ActiveCfg = Debug|Any CPU
		{961321D6-F45D-4ADB-BB85-A9F1349FB3A5}.Debug|Any CPU.Build.0 = Debug|Any CPU
		{961321D6-F45D-4ADB-BB85-A9F1349FB3A5}.Release|Any CPU.ActiveCfg = Release|Any CPU
		{961321D6-F45D-4ADB-BB85-A9F1349FB3A5}.Release|Any CPU.Build.0 = Release|Any CPU
		{3ED6C7CE-851F-40A9-8038-B4286FE21015}.Debug|Any CPU.ActiveCfg = Debug|Any CPU
		{3ED6C7CE-851F-40A9-8038-B4286FE21015}.Debug|Any CPU.Build.0 = Debug|Any CPU
		{3ED6C7CE-851F-40A9-8038-B4286FE21015}.Release|Any CPU.ActiveCfg = Release|Any CPU
		{3ED6C7CE-851F-40A9-8038-B4286FE21015}.Release|Any CPU.Build.0 = Release|Any CPU
	EndGlobalSection
	GlobalSection(SolutionProperties) = preSolution
		HideSolutionNode = FALSE
	EndGlobalSection
	GlobalSection(ExtensibilityGlobals) = postSolution
		SolutionGuid = {72036CB6-8178-445A-B6DB-2092350A01AD}
	EndGlobalSection
EndGlobal
